// !$*UTF8*$!
{
	archiveVersion = 1;
	classes = {
	};
	objectVersion = 48;
	objects = {

/* Begin PBXBuildFile section */
		0B59D8DDCD3B7B9A95EB1985 /* Pods_Todoey.framework in Frameworks */ = {isa = PBXBuildFile; fileRef = 74A5822D0E990E060C24C029 /* Pods_Todoey.framework */; };
		474A65A82028F5E6003E1B89 /* AppDelegate.swift in Sources */ = {isa = PBXBuildFile; fileRef = 474A65A72028F5E6003E1B89 /* AppDelegate.swift */; };
		474A65AA2028F5E6003E1B89 /* TodoListViewController.swift in Sources */ = {isa = PBXBuildFile; fileRef = 474A65A92028F5E6003E1B89 /* TodoListViewController.swift */; };
		474A65AD2028F5E7003E1B89 /* Main.storyboard in Resources */ = {isa = PBXBuildFile; fileRef = 474A65AB2028F5E7003E1B89 /* Main.storyboard */; };
		474A65AF2028F5E7003E1B89 /* Assets.xcassets in Resources */ = {isa = PBXBuildFile; fileRef = 474A65AE2028F5E7003E1B89 /* Assets.xcassets */; };
		474A65B22028F5E7003E1B89 /* LaunchScreen.storyboard in Resources */ = {isa = PBXBuildFile; fileRef = 474A65B02028F5E7003E1B89 /* LaunchScreen.storyboard */; };
		47A95C5C202BFFF6006D0245 /* Default-568h@2x.png in Resources */ = {isa = PBXBuildFile; fileRef = 47A95C5B202BFFF6006D0245 /* Default-568h@2x.png */; };
		47BBB826202CC89E0074DE53 /* DataModel.xcdatamodeld in Sources */ = {isa = PBXBuildFile; fileRef = 47BBB824202CC89D0074DE53 /* DataModel.xcdatamodeld */; };
		47BBB828202CF3720074DE53 /* CaregoryViewController.swift in Sources */ = {isa = PBXBuildFile; fileRef = 47BBB827202CF3720074DE53 /* CaregoryViewController.swift */; };
/* End PBXBuildFile section */

/* Begin PBXFileReference section */
		102FE94F627D3F973A4831ED /* Pods-Todoey.debug.xcconfig */ = {isa = PBXFileReference; includeInIndex = 1; lastKnownFileType = text.xcconfig; name = "Pods-Todoey.debug.xcconfig"; path = "Pods/Target Support Files/Pods-Todoey/Pods-Todoey.debug.xcconfig"; sourceTree = "<group>"; };
		474A65A42028F5E6003E1B89 /* Todoey.app */ = {isa = PBXFileReference; explicitFileType = wrapper.application; includeInIndex = 0; path = Todoey.app; sourceTree = BUILT_PRODUCTS_DIR; };
		474A65A72028F5E6003E1B89 /* AppDelegate.swift */ = {isa = PBXFileReference; lastKnownFileType = sourcecode.swift; path = AppDelegate.swift; sourceTree = "<group>"; };
		474A65A92028F5E6003E1B89 /* TodoListViewController.swift */ = {isa = PBXFileReference; lastKnownFileType = sourcecode.swift; path = TodoListViewController.swift; sourceTree = "<group>"; };
		474A65AC2028F5E7003E1B89 /* Base */ = {isa = PBXFileReference; lastKnownFileType = file.storyboard; name = Base; path = Base.lproj/Main.storyboard; sourceTree = "<group>"; };
		474A65AE2028F5E7003E1B89 /* Assets.xcassets */ = {isa = PBXFileReference; lastKnownFileType = folder.assetcatalog; path = Assets.xcassets; sourceTree = "<group>"; };
		474A65B12028F5E7003E1B89 /* Base */ = {isa = PBXFileReference; lastKnownFileType = file.storyboard; name = Base; path = Base.lproj/LaunchScreen.storyboard; sourceTree = "<group>"; };
		474A65B32028F5E7003E1B89 /* Info.plist */ = {isa = PBXFileReference; lastKnownFileType = text.plist.xml; path = Info.plist; sourceTree = "<group>"; };
		47A95C5B202BFFF6006D0245 /* Default-568h@2x.png */ = {isa = PBXFileReference; lastKnownFileType = image.png; path = "Default-568h@2x.png"; sourceTree = "<group>"; };
		47BBB825202CC89D0074DE53 /* DataModel.xcdatamodel */ = {isa = PBXFileReference; lastKnownFileType = wrapper.xcdatamodel; path = DataModel.xcdatamodel; sourceTree = "<group>"; };
		47BBB827202CF3720074DE53 /* CaregoryViewController.swift */ = {isa = PBXFileReference; lastKnownFileType = sourcecode.swift; path = CaregoryViewController.swift; sourceTree = "<group>"; };
		74A5822D0E990E060C24C029 /* Pods_Todoey.framework */ = {isa = PBXFileReference; explicitFileType = wrapper.framework; includeInIndex = 0; path = Pods_Todoey.framework; sourceTree = BUILT_PRODUCTS_DIR; };
		CD7FB4FBE2D6D6F73C1CE579 /* Pods-Todoey.release.xcconfig */ = {isa = PBXFileReference; includeInIndex = 1; lastKnownFileType = text.xcconfig; name = "Pods-Todoey.release.xcconfig"; path = "Pods/Target Support Files/Pods-Todoey/Pods-Todoey.release.xcconfig"; sourceTree = "<group>"; };
/* End PBXFileReference section */

/* Begin PBXFrameworksBuildPhase section */
		474A65A12028F5E6003E1B89 /* Frameworks */ = {
			isa = PBXFrameworksBuildPhase;
			buildActionMask = 2147483647;
			files = (
				0B59D8DDCD3B7B9A95EB1985 /* Pods_Todoey.framework in Frameworks */,
			);
			runOnlyForDeploymentPostprocessing = 0;
		};
/* End PBXFrameworksBuildPhase section */

/* Begin PBXGroup section */
		2840EFDB08EDF24814DCEA98 /* Pods */ = {
			isa = PBXGroup;
			children = (
				102FE94F627D3F973A4831ED /* Pods-Todoey.debug.xcconfig */,
				CD7FB4FBE2D6D6F73C1CE579 /* Pods-Todoey.release.xcconfig */,
			);
			name = Pods;
			sourceTree = "<group>";
		};
		474A659B2028F5E6003E1B89 = {
			isa = PBXGroup;
			children = (
				47A95C5B202BFFF6006D0245 /* Default-568h@2x.png */,
				474A65A62028F5E6003E1B89 /* Todoey */,
				47A95C56202BFB7D006D0245 /* controllers */,
				47A95C53202BF8DD006D0245 /* data model */,
				47A95C57202BFBAB006D0245 /* views */,
				47A95C58202BFBF7006D0245 /* supporting files */,
				474A65A52028F5E6003E1B89 /* Products */,
				2840EFDB08EDF24814DCEA98 /* Pods */,
				60E7F5EFB02886F112A847A9 /* Frameworks */,
			);
			sourceTree = "<group>";
		};
		474A65A52028F5E6003E1B89 /* Products */ = {
			isa = PBXGroup;
			children = (
				474A65A42028F5E6003E1B89 /* Todoey.app */,
			);
			name = Products;
			sourceTree = "<group>";
		};
		474A65A62028F5E6003E1B89 /* Todoey */ = {
			isa = PBXGroup;
			children = (
				474A65B32028F5E7003E1B89 /* Info.plist */,
				474A65A72028F5E6003E1B89 /* AppDelegate.swift */,
			);
			path = Todoey;
			sourceTree = "<group>";
		};
		47A95C53202BF8DD006D0245 /* data model */ = {
			isa = PBXGroup;
			children = (
				47BBB824202CC89D0074DE53 /* DataModel.xcdatamodeld */,
			);
			path = "data model";
			sourceTree = "<group>";
		};
		47A95C56202BFB7D006D0245 /* controllers */ = {
			isa = PBXGroup;
			children = (
				47BBB827202CF3720074DE53 /* CaregoryViewController.swift */,
				474A65A92028F5E6003E1B89 /* TodoListViewController.swift */,
			);
			path = controllers;
			sourceTree = "<group>";
		};
		47A95C57202BFBAB006D0245 /* views */ = {
			isa = PBXGroup;
			children = (
				474A65AB2028F5E7003E1B89 /* Main.storyboard */,
			);
			path = views;
			sourceTree = "<group>";
		};
		47A95C58202BFBF7006D0245 /* supporting files */ = {
			isa = PBXGroup;
			children = (
				474A65AE2028F5E7003E1B89 /* Assets.xcassets */,
				474A65B02028F5E7003E1B89 /* LaunchScreen.storyboard */,
			);
			path = "supporting files";
			sourceTree = "<group>";
		};
		60E7F5EFB02886F112A847A9 /* Frameworks */ = {
			isa = PBXGroup;
			children = (
				74A5822D0E990E060C24C029 /* Pods_Todoey.framework */,
			);
			name = Frameworks;
			sourceTree = "<group>";
		};
/* End PBXGroup section */

/* Begin PBXNativeTarget section */
		474A65A32028F5E6003E1B89 /* Todoey */ = {
			isa = PBXNativeTarget;
			buildConfigurationList = 474A65B62028F5E7003E1B89 /* Build configuration list for PBXNativeTarget "Todoey" */;
			buildPhases = (
				880A5B57196D520A37F442B9 /* [CP] Check Pods Manifest.lock */,
				474A65A02028F5E6003E1B89 /* Sources */,
				474A65A12028F5E6003E1B89 /* Frameworks */,
				474A65A22028F5E6003E1B89 /* Resources */,
				E9C90BEC8975F10C60F1FAA5 /* [CP] Embed Pods Frameworks */,
				4C0C28508BCBCD20EA0CE991 /* [CP] Copy Pods Resources */,
			);
			buildRules = (
			);
			dependencies = (
			);
			name = Todoey;
			productName = Todoey;
			productReference = 474A65A42028F5E6003E1B89 /* Todoey.app */;
			productType = "com.apple.product-type.application";
		};
/* End PBXNativeTarget section */

/* Begin PBXProject section */
		474A659C2028F5E6003E1B89 /* Project object */ = {
			isa = PBXProject;
			attributes = {
				LastSwiftUpdateCheck = 0920;
				LastUpgradeCheck = 0920;
				ORGANIZATIONNAME = nhane;
				TargetAttributes = {
					474A65A32028F5E6003E1B89 = {
						CreatedOnToolsVersion = 9.2;
						ProvisioningStyle = Automatic;
					};
				};
			};
			buildConfigurationList = 474A659F2028F5E6003E1B89 /* Build configuration list for PBXProject "Todoey" */;
			compatibilityVersion = "Xcode 8.0";
			developmentRegion = en;
			hasScannedForEncodings = 0;
			knownRegions = (
				en,
				Base,
			);
			mainGroup = 474A659B2028F5E6003E1B89;
			productRefGroup = 474A65A52028F5E6003E1B89 /* Products */;
			projectDirPath = "";
			projectRoot = "";
			targets = (
				474A65A32028F5E6003E1B89 /* Todoey */,
			);
		};
/* End PBXProject section */

/* Begin PBXResourcesBuildPhase section */
		474A65A22028F5E6003E1B89 /* Resources */ = {
			isa = PBXResourcesBuildPhase;
			buildActionMask = 2147483647;
			files = (
				474A65B22028F5E7003E1B89 /* LaunchScreen.storyboard in Resources */,
				47A95C5C202BFFF6006D0245 /* Default-568h@2x.png in Resources */,
				474A65AF2028F5E7003E1B89 /* Assets.xcassets in Resources */,
				474A65AD2028F5E7003E1B89 /* Main.storyboard in Resources */,
			);
			runOnlyForDeploymentPostprocessing = 0;
		};
/* End PBXResourcesBuildPhase section */

/* Begin PBXShellScriptBuildPhase section */
		4C0C28508BCBCD20EA0CE991 /* [CP] Copy Pods Resources */ = {
			isa = PBXShellScriptBuildPhase;
			buildActionMask = 2147483647;
			files = (
			);
			inputPaths = (
			);
			name = "[CP] Copy Pods Resources";
			outputPaths = (
			);
			runOnlyForDeploymentPostprocessing = 0;
			shellPath = /bin/sh;
			shellScript = "\"${SRCROOT}/Pods/Target Support Files/Pods-Todoey/Pods-Todoey-resources.sh\"\n";
			showEnvVarsInLog = 0;
		};
		880A5B57196D520A37F442B9 /* [CP] Check Pods Manifest.lock */ = {
			isa = PBXShellScriptBuildPhase;
			buildActionMask = 2147483647;
			files = (
			);
			inputPaths = (
				"${PODS_PODFILE_DIR_PATH}/Podfile.lock",
				"${PODS_ROOT}/Manifest.lock",
			);
			name = "[CP] Check Pods Manifest.lock";
			outputPaths = (
				"$(DERIVED_FILE_DIR)/Pods-Todoey-checkManifestLockResult.txt",
			);
			runOnlyForDeploymentPostprocessing = 0;
			shellPath = /bin/sh;
			shellScript = "diff \"${PODS_PODFILE_DIR_PATH}/Podfile.lock\" \"${PODS_ROOT}/Manifest.lock\" > /dev/null\nif [ $? != 0 ] ; then\n    # print error to STDERR\n    echo \"error: The sandbox is not in sync with the Podfile.lock. Run 'pod install' or update your CocoaPods installation.\" >&2\n    exit 1\nfi\n# This output is used by Xcode 'outputs' to avoid re-running this script phase.\necho \"SUCCESS\" > \"${SCRIPT_OUTPUT_FILE_0}\"\n";
			showEnvVarsInLog = 0;
		};
		E9C90BEC8975F10C60F1FAA5 /* [CP] Embed Pods Frameworks */ = {
			isa = PBXShellScriptBuildPhase;
			buildActionMask = 2147483647;
			files = (
			);
			inputPaths = (
				"${SRCROOT}/Pods/Target Support Files/Pods-Todoey/Pods-Todoey-frameworks.sh",
				"${BUILT_PRODUCTS_DIR}/Realm/Realm.framework",
				"${BUILT_PRODUCTS_DIR}/RealmSwift/RealmSwift.framework",
			);
			name = "[CP] Embed Pods Frameworks";
			outputPaths = (
				"${TARGET_BUILD_DIR}/${FRAMEWORKS_FOLDER_PATH}/Realm.framework",
				"${TARGET_BUILD_DIR}/${FRAMEWORKS_FOLDER_PATH}/RealmSwift.framework",
			);
			runOnlyForDeploymentPostprocessing = 0;
			shellPath = /bin/sh;
			shellScript = "\"${SRCROOT}/Pods/Target Support Files/Pods-Todoey/Pods-Todoey-frameworks.sh\"\n";
			showEnvVarsInLog = 0;
		};
/* End PBXShellScriptBuildPhase section */

/* Begin PBXSourcesBuildPhase section */
		474A65A02028F5E6003E1B89 /* Sources */ = {
			isa = PBXSourcesBuildPhase;
			buildActionMask = 2147483647;
			files = (
				474A65AA2028F5E6003E1B89 /* TodoListViewController.swift in Sources */,
				47BBB826202CC89E0074DE53 /* DataModel.xcdatamodeld in Sources */,
				47BBB828202CF3720074DE53 /* CaregoryViewController.swift in Sources */,
				474A65A82028F5E6003E1B89 /* AppDelegate.swift in Sources */,
			);
			runOnlyForDeploymentPostprocessing = 0;
		};
/* End PBXSourcesBuildPhase section */

/* Begin PBXVariantGroup section */
		474A65AB2028F5E7003E1B89 /* Main.storyboard */ = {
			isa = PBXVariantGroup;
			children = (
				474A65AC2028F5E7003E1B89 /* Base */,
			);
			name = Main.storyboard;
			sourceTree = "<group>";
		};
		474A65B02028F5E7003E1B89 /* LaunchScreen.storyboard */ = {
			isa = PBXVariantGroup;
			children = (
				474A65B12028F5E7003E1B89 /* Base */,
			);
			name = LaunchScreen.storyboard;
			sourceTree = "<group>";
		};
/* End PBXVariantGroup section */

/* Begin XCBuildConfiguration section */
		474A65B42028F5E7003E1B89 /* Debug */ = {
			isa = XCBuildConfiguration;
			buildSettings = {
				ALWAYS_SEARCH_USER_PATHS = NO;
				CLANG_ANALYZER_NONNULL = YES;
				CLANG_ANALYZER_NUMBER_OBJECT_CONVERSION = YES_AGGRESSIVE;
				CLANG_CXX_LANGUAGE_STANDARD = "gnu++14";
				CLANG_CXX_LIBRARY = "libc++";
				CLANG_ENABLE_MODULES = YES;
				CLANG_ENABLE_OBJC_ARC = YES;
				CLANG_WARN_BLOCK_CAPTURE_AUTORELEASING = YES;
				CLANG_WARN_BOOL_CONVERSION = YES;
				CLANG_WARN_COMMA = YES;
				CLANG_WARN_CONSTANT_CONVERSION = YES;
				CLANG_WARN_DIRECT_OBJC_ISA_USAGE = YES_ERROR;
				CLANG_WARN_DOCUMENTATION_COMMENTS = YES;
				CLANG_WARN_EMPTY_BODY = YES;
				CLANG_WARN_ENUM_CONVERSION = YES;
				CLANG_WARN_INFINITE_RECURSION = YES;
				CLANG_WARN_INT_CONVERSION = YES;
				CLANG_WARN_NON_LITERAL_NULL_CONVERSION = YES;
				CLANG_WARN_OBJC_LITERAL_CONVERSION = YES;
				CLANG_WARN_OBJC_ROOT_CLASS = YES_ERROR;
				CLANG_WARN_RANGE_LOOP_ANALYSIS = YES;
				CLANG_WARN_STRICT_PROTOTYPES = YES;
				CLANG_WARN_SUSPICIOUS_MOVE = YES;
				CLANG_WARN_UNGUARDED_AVAILABILITY = YES_AGGRESSIVE;
				CLANG_WARN_UNREACHABLE_CODE = YES;
				CLANG_WARN__DUPLICATE_METHOD_MATCH = YES;
				CODE_SIGN_IDENTITY = "iPhone Developer";
				COPY_PHASE_STRIP = NO;
				DEBUG_INFORMATION_FORMAT = dwarf;
				ENABLE_STRICT_OBJC_MSGSEND = YES;
				ENABLE_TESTABILITY = YES;
				GCC_C_LANGUAGE_STANDARD = gnu11;
				GCC_DYNAMIC_NO_PIC = NO;
				GCC_NO_COMMON_BLOCKS = YES;
				GCC_OPTIMIZATION_LEVEL = 0;
				GCC_PREPROCESSOR_DEFINITIONS = (
					"DEBUG=1",
					"$(inherited)",
				);
				GCC_WARN_64_TO_32_BIT_CONVERSION = YES;
				GCC_WARN_ABOUT_RETURN_TYPE = YES_ERROR;
				GCC_WARN_UNDECLARED_SELECTOR = YES;
				GCC_WARN_UNINITIALIZED_AUTOS = YES_AGGRESSIVE;
				GCC_WARN_UNUSED_FUNCTION = YES;
				GCC_WARN_UNUSED_VARIABLE = YES;
				IPHONEOS_DEPLOYMENT_TARGET = 11.2;
				MTL_ENABLE_DEBUG_INFO = YES;
				ONLY_ACTIVE_ARCH = YES;
				SDKROOT = iphoneos;
				SWIFT_ACTIVE_COMPILATION_CONDITIONS = DEBUG;
				SWIFT_OPTIMIZATION_LEVEL = "-Onone";
			};
			name = Debug;
		};
		474A65B52028F5E7003E1B89 /* Release */ = {
			isa = XCBuildConfiguration;
			buildSettings = {
				ALWAYS_SEARCH_USER_PATHS = NO;
				CLANG_ANALYZER_NONNULL = YES;
				CLANG_ANALYZER_NUMBER_OBJECT_CONVERSION = YES_AGGRESSIVE;
				CLANG_CXX_LANGUAGE_STANDARD = "gnu++14";
				CLANG_CXX_LIBRARY = "libc++";
				CLANG_ENABLE_MODULES = YES;
				CLANG_ENABLE_OBJC_ARC = YES;
				CLANG_WARN_BLOCK_CAPTURE_AUTORELEASING = YES;
				CLANG_WARN_BOOL_CONVERSION = YES;
				CLANG_WARN_COMMA = YES;
				CLANG_WARN_CONSTANT_CONVERSION = YES;
				CLANG_WARN_DIRECT_OBJC_ISA_USAGE = YES_ERROR;
				CLANG_WARN_DOCUMENTATION_COMMENTS = YES;
				CLANG_WARN_EMPTY_BODY = YES;
				CLANG_WARN_ENUM_CONVERSION = YES;
				CLANG_WARN_INFINITE_RECURSION = YES;
				CLANG_WARN_INT_CONVERSION = YES;
				CLANG_WARN_NON_LITERAL_NULL_CONVERSION = YES;
				CLANG_WARN_OBJC_LITERAL_CONVERSION = YES;
				CLANG_WARN_OBJC_ROOT_CLASS = YES_ERROR;
				CLANG_WARN_RANGE_LOOP_ANALYSIS = YES;
				CLANG_WARN_STRICT_PROTOTYPES = YES;
				CLANG_WARN_SUSPICIOUS_MOVE = YES;
				CLANG_WARN_UNGUARDED_AVAILABILITY = YES_AGGRESSIVE;
				CLANG_WARN_UNREACHABLE_CODE = YES;
				CLANG_WARN__DUPLICATE_METHOD_MATCH = YES;
				CODE_SIGN_IDENTITY = "iPhone Developer";
				COPY_PHASE_STRIP = NO;
				DEBUG_INFORMATION_FORMAT = "dwarf-with-dsym";
				ENABLE_NS_ASSERTIONS = NO;
				ENABLE_STRICT_OBJC_MSGSEND = YES;
				GCC_C_LANGUAGE_STANDARD = gnu11;
				GCC_NO_COMMON_BLOCKS = YES;
				GCC_WARN_64_TO_32_BIT_CONVERSION = YES;
				GCC_WARN_ABOUT_RETURN_TYPE = YES_ERROR;
				GCC_WARN_UNDECLARED_SELECTOR = YES;
				GCC_WARN_UNINITIALIZED_AUTOS = YES_AGGRESSIVE;
				GCC_WARN_UNUSED_FUNCTION = YES;
				GCC_WARN_UNUSED_VARIABLE = YES;
				IPHONEOS_DEPLOYMENT_TARGET = 11.2;
				MTL_ENABLE_DEBUG_INFO = NO;
				SDKROOT = iphoneos;
				SWIFT_OPTIMIZATION_LEVEL = "-Owholemodule";
				VALIDATE_PRODUCT = YES;
			};
			name = Release;
		};
		474A65B72028F5E7003E1B89 /* Debug */ = {
			isa = XCBuildConfiguration;
			baseConfigurationReference = 102FE94F627D3F973A4831ED /* Pods-Todoey.debug.xcconfig */;
			buildSettings = {
				ASSETCATALOG_COMPILER_APPICON_NAME = AppIcon;
				CODE_SIGN_STYLE = Automatic;
				DEVELOPMENT_TEAM = P5Q463LNN2;
				INFOPLIST_FILE = Todoey/Info.plist;
				LD_RUNPATH_SEARCH_PATHS = "$(inherited) @executable_path/Frameworks";
				PRODUCT_BUNDLE_IDENTIFIER = com.nhane.Todoey;
				PRODUCT_NAME = "$(TARGET_NAME)";
				SWIFT_VERSION = 4.0;
				TARGETED_DEVICE_FAMILY = "1,2";
			};
			name = Debug;
		};
		474A65B82028F5E7003E1B89 /* Release */ = {
			isa = XCBuildConfiguration;
			baseConfigurationReference = CD7FB4FBE2D6D6F73C1CE579 /* Pods-Todoey.release.xcconfig */;
			buildSettings = {
				ASSETCATALOG_COMPILER_APPICON_NAME = AppIcon;
				CODE_SIGN_STYLE = Automatic;
				DEVELOPMENT_TEAM = P5Q463LNN2;
				INFOPLIST_FILE = Todoey/Info.plist;
				LD_RUNPATH_SEARCH_PATHS = "$(inherited) @executable_path/Frameworks";
				PRODUCT_BUNDLE_IDENTIFIER = com.nhane.Todoey;
				PRODUCT_NAME = "$(TARGET_NAME)";
				SWIFT_VERSION = 4.0;
				TARGETED_DEVICE_FAMILY = "1,2";
			};
			name = Release;
		};
/* End XCBuildConfiguration section */

/* Begin XCConfigurationList section */
		474A659F2028F5E6003E1B89 /* Build configuration list for PBXProject "Todoey" */ = {
			isa = XCConfigurationList;
			buildConfigurations = (
				474A65B42028F5E7003E1B89 /* Debug */,
				474A65B52028F5E7003E1B89 /* Release */,
			);
			defaultConfigurationIsVisible = 0;
			defaultConfigurationName = Release;
		};
		474A65B62028F5E7003E1B89 /* Build configuration list for PBXNativeTarget "Todoey" */ = {
			isa = XCConfigurationList;
			buildConfigurations = (
				474A65B72028F5E7003E1B89 /* Debug */,
				474A65B82028F5E7003E1B89 /* Release */,
			);
			defaultConfigurationIsVisible = 0;
			defaultConfigurationName = Release;
		};
/* End XCConfigurationList section */

/* Begin XCVersionGroup section */
		47BBB824202CC89D0074DE53 /* DataModel.xcdatamodeld */ = {
			isa = XCVersionGroup;
			children = (
				47BBB825202CC89D0074DE53 /* DataModel.xcdatamodel */,
			);
			currentVersion = 47BBB825202CC89D0074DE53 /* DataModel.xcdatamodel */;
			path = DataModel.xcdatamodeld;
			sourceTree = "<group>";
			versionGroupType = wrapper.xcdatamodel;
		};
/* End XCVersionGroup section */
	};
	rootObject = 474A659C2028F5E6003E1B89 /* Project object */;
}
